// !$*UTF8*$!
{
	archiveVersion = 1;
	classes = {
	};
	objectVersion = 46;
	objects = {

/* Begin PBXBuildFile section */
		BC04EEFB1C9EC66A007A65EF /* NSUIColor-Extras.m in Sources */ = {isa = PBXBuildFile; fileRef = BC9B54BE1C9751980014A037 /* NSUIColor-Extras.m */; };
		BC04EEFC1C9EC66A007A65EF /* CGExtras.m in Sources */ = {isa = PBXBuildFile; fileRef = BC9B54BC1C9751980014A037 /* CGExtras.m */; };
		BC04EEFD1C9EC66A007A65EF /* MFSecurity.m in Sources */ = {isa = PBXBuildFile; fileRef = BC9B54C41C9751980014A037 /* MFSecurity.m */; };
		BC04EF051C9EC66A007A65EF /* CGExtras.h in Headers */ = {isa = PBXBuildFile; fileRef = BC9B54BB1C9751980014A037 /* CGExtras.h */; settings = {ATTRIBUTES = (Public, ); }; };
		BC04EF081C9EC66A007A65EF /* NSUIColor-Extras.h in Headers */ = {isa = PBXBuildFile; fileRef = BC9B54BD1C9751980014A037 /* NSUIColor-Extras.h */; settings = {ATTRIBUTES = (Public, ); }; };
		BC04EF0A1C9EC66A007A65EF /* MFNSUITypes.h in Headers */ = {isa = PBXBuildFile; fileRef = BC9B54C11C9751980014A037 /* MFNSUITypes.h */; settings = {ATTRIBUTES = (Public, ); }; };
		BC04EF0C1C9EC66A007A65EF /* MFSecurity.h in Headers */ = {isa = PBXBuildFile; fileRef = BC9B54C31C9751980014A037 /* MFSecurity.h */; settings = {ATTRIBUTES = (Public, ); }; };
		BC349CA81CCB9E9F00BFF28D /* MFCocoaExtras.h in Headers */ = {isa = PBXBuildFile; fileRef = BC349CA61CCB9E6400BFF28D /* MFCocoaExtras.h */; settings = {ATTRIBUTES = (Public, ); }; };
		BC3EB0791CFF873800C02BBD /* MFCocoaExtras.h in Headers */ = {isa = PBXBuildFile; fileRef = BC349CA61CCB9E6400BFF28D /* MFCocoaExtras.h */; settings = {ATTRIBUTES = (Public, ); }; };
		BC9B54A11C97505B0014A037 /* MFCocoaExtras.framework in Frameworks */ = {isa = PBXBuildFile; fileRef = BC9B54961C97505A0014A037 /* MFCocoaExtras.framework */; };
		BC9B54A61C97505B0014A037 /* MFCocoaExtrasTests.m in Sources */ = {isa = PBXBuildFile; fileRef = BC9B54A51C97505B0014A037 /* MFCocoaExtrasTests.m */; };
		BC9B54C51C9751980014A037 /* UIBarButtonItem+Extras.h in Headers */ = {isa = PBXBuildFile; fileRef = BC9B54B21C9751980014A037 /* UIBarButtonItem+Extras.h */; settings = {ATTRIBUTES = (Public, ); }; };
		BC9B54C61C9751980014A037 /* UIBarButtonItem+Extras.m in Sources */ = {isa = PBXBuildFile; fileRef = BC9B54B31C9751980014A037 /* UIBarButtonItem+Extras.m */; };
		BC9B54C71C9751980014A037 /* UIButton+Extras.h in Headers */ = {isa = PBXBuildFile; fileRef = BC9B54B41C9751980014A037 /* UIButton+Extras.h */; settings = {ATTRIBUTES = (Public, ); }; };
		BC9B54C81C9751980014A037 /* UIButton+Extras.m in Sources */ = {isa = PBXBuildFile; fileRef = BC9B54B51C9751980014A037 /* UIButton+Extras.m */; };
		BC9B54C91C9751980014A037 /* UIImage+Extras.h in Headers */ = {isa = PBXBuildFile; fileRef = BC9B54B61C9751980014A037 /* UIImage+Extras.h */; settings = {ATTRIBUTES = (Public, ); }; };
		BC9B54CA1C9751980014A037 /* UIImage+Extras.m in Sources */ = {isa = PBXBuildFile; fileRef = BC9B54B71C9751980014A037 /* UIImage+Extras.m */; };
		BC9B54CB1C9751980014A037 /* UIView+Extras.h in Headers */ = {isa = PBXBuildFile; fileRef = BC9B54B81C9751980014A037 /* UIView+Extras.h */; settings = {ATTRIBUTES = (Public, ); }; };
		BC9B54CC1C9751980014A037 /* UIView+Extras.m in Sources */ = {isa = PBXBuildFile; fileRef = BC9B54B91C9751980014A037 /* UIView+Extras.m */; };
		BC9B54CD1C9751980014A037 /* CGExtras.h in Headers */ = {isa = PBXBuildFile; fileRef = BC9B54BB1C9751980014A037 /* CGExtras.h */; settings = {ATTRIBUTES = (Public, ); }; };
		BC9B54CE1C9751980014A037 /* CGExtras.m in Sources */ = {isa = PBXBuildFile; fileRef = BC9B54BC1C9751980014A037 /* CGExtras.m */; };
		BC9B54CF1C9751980014A037 /* NSUIColor-Extras.h in Headers */ = {isa = PBXBuildFile; fileRef = BC9B54BD1C9751980014A037 /* NSUIColor-Extras.h */; settings = {ATTRIBUTES = (Public, ); }; };
		BC9B54D01C9751980014A037 /* NSUIColor-Extras.m in Sources */ = {isa = PBXBuildFile; fileRef = BC9B54BE1C9751980014A037 /* NSUIColor-Extras.m */; };
		BC9B54D31C9751980014A037 /* MFNSUITypes.h in Headers */ = {isa = PBXBuildFile; fileRef = BC9B54C11C9751980014A037 /* MFNSUITypes.h */; settings = {ATTRIBUTES = (Public, ); }; };
		BC9B54D41C9751980014A037 /* MFSecurity.h in Headers */ = {isa = PBXBuildFile; fileRef = BC9B54C31C9751980014A037 /* MFSecurity.h */; settings = {ATTRIBUTES = (Public, ); }; };
		BC9B54D51C9751980014A037 /* MFSecurity.m in Sources */ = {isa = PBXBuildFile; fileRef = BC9B54C41C9751980014A037 /* MFSecurity.m */; };
/* End PBXBuildFile section */

/* Begin PBXContainerItemProxy section */
		BC9B54A21C97505B0014A037 /* PBXContainerItemProxy */ = {
			isa = PBXContainerItemProxy;
			containerPortal = BC9B548D1C97505A0014A037 /* Project object */;
			proxyType = 1;
			remoteGlobalIDString = BC9B54951C97505A0014A037;
			remoteInfo = MFCocoaExtras;
		};
/* End PBXContainerItemProxy section */

/* Begin PBXFileReference section */
		BC04EF131C9EC66A007A65EF /* MFCocoaExtras.framework */ = {isa = PBXFileReference; explicitFileType = wrapper.framework; includeInIndex = 0; path = MFCocoaExtras.framework; sourceTree = BUILT_PRODUCTS_DIR; };
		BC349CA61CCB9E6400BFF28D /* MFCocoaExtras.h */ = {isa = PBXFileReference; lastKnownFileType = sourcecode.c.h; path = MFCocoaExtras.h; sourceTree = "<group>"; };
		BC9B54961C97505A0014A037 /* MFCocoaExtras.framework */ = {isa = PBXFileReference; explicitFileType = wrapper.framework; includeInIndex = 0; path = MFCocoaExtras.framework; sourceTree = BUILT_PRODUCTS_DIR; };
		BC9B54A01C97505B0014A037 /* MFCocoaExtrasTests.xctest */ = {isa = PBXFileReference; explicitFileType = wrapper.cfbundle; includeInIndex = 0; path = MFCocoaExtrasTests.xctest; sourceTree = BUILT_PRODUCTS_DIR; };
		BC9B54A51C97505B0014A037 /* MFCocoaExtrasTests.m */ = {isa = PBXFileReference; lastKnownFileType = sourcecode.c.objc; path = MFCocoaExtrasTests.m; sourceTree = "<group>"; };
		BC9B54A71C97505B0014A037 /* Info.plist */ = {isa = PBXFileReference; lastKnownFileType = text.plist.xml; path = Info.plist; sourceTree = "<group>"; };
		BC9B54B21C9751980014A037 /* UIBarButtonItem+Extras.h */ = {isa = PBXFileReference; fileEncoding = 4; lastKnownFileType = sourcecode.c.h; path = "UIBarButtonItem+Extras.h"; sourceTree = "<group>"; };
		BC9B54B31C9751980014A037 /* UIBarButtonItem+Extras.m */ = {isa = PBXFileReference; fileEncoding = 4; lastKnownFileType = sourcecode.c.objc; path = "UIBarButtonItem+Extras.m"; sourceTree = "<group>"; };
		BC9B54B41C9751980014A037 /* UIButton+Extras.h */ = {isa = PBXFileReference; fileEncoding = 4; lastKnownFileType = sourcecode.c.h; path = "UIButton+Extras.h"; sourceTree = "<group>"; };
		BC9B54B51C9751980014A037 /* UIButton+Extras.m */ = {isa = PBXFileReference; fileEncoding = 4; lastKnownFileType = sourcecode.c.objc; path = "UIButton+Extras.m"; sourceTree = "<group>"; };
		BC9B54B61C9751980014A037 /* UIImage+Extras.h */ = {isa = PBXFileReference; fileEncoding = 4; lastKnownFileType = sourcecode.c.h; path = "UIImage+Extras.h"; sourceTree = "<group>"; };
		BC9B54B71C9751980014A037 /* UIImage+Extras.m */ = {isa = PBXFileReference; fileEncoding = 4; lastKnownFileType = sourcecode.c.objc; path = "UIImage+Extras.m"; sourceTree = "<group>"; };
		BC9B54B81C9751980014A037 /* UIView+Extras.h */ = {isa = PBXFileReference; fileEncoding = 4; lastKnownFileType = sourcecode.c.h; path = "UIView+Extras.h"; sourceTree = "<group>"; };
		BC9B54B91C9751980014A037 /* UIView+Extras.m */ = {isa = PBXFileReference; fileEncoding = 4; lastKnownFileType = sourcecode.c.objc; path = "UIView+Extras.m"; sourceTree = "<group>"; };
		BC9B54BB1C9751980014A037 /* CGExtras.h */ = {isa = PBXFileReference; fileEncoding = 4; lastKnownFileType = sourcecode.c.h; path = CGExtras.h; sourceTree = "<group>"; };
		BC9B54BC1C9751980014A037 /* CGExtras.m */ = {isa = PBXFileReference; fileEncoding = 4; lastKnownFileType = sourcecode.c.objc; path = CGExtras.m; sourceTree = "<group>"; };
		BC9B54BD1C9751980014A037 /* NSUIColor-Extras.h */ = {isa = PBXFileReference; fileEncoding = 4; lastKnownFileType = sourcecode.c.h; path = "NSUIColor-Extras.h"; sourceTree = "<group>"; };
		BC9B54BE1C9751980014A037 /* NSUIColor-Extras.m */ = {isa = PBXFileReference; fileEncoding = 4; lastKnownFileType = sourcecode.c.objc; path = "NSUIColor-Extras.m"; sourceTree = "<group>"; };
		BC9B54C11C9751980014A037 /* MFNSUITypes.h */ = {isa = PBXFileReference; fileEncoding = 4; lastKnownFileType = sourcecode.c.h; path = MFNSUITypes.h; sourceTree = "<group>"; };
		BC9B54C31C9751980014A037 /* MFSecurity.h */ = {isa = PBXFileReference; fileEncoding = 4; lastKnownFileType = sourcecode.c.h; path = MFSecurity.h; sourceTree = "<group>"; };
		BC9B54C41C9751980014A037 /* MFSecurity.m */ = {isa = PBXFileReference; fileEncoding = 4; lastKnownFileType = sourcecode.c.objc; path = MFSecurity.m; sourceTree = "<group>"; };
		BC9B54D91C9757650014A037 /* README.md */ = {isa = PBXFileReference; lastKnownFileType = net.daringfireball.markdown; path = README.md; sourceTree = "<group>"; };
		BC9B54DA1C9757650014A037 /* LICENSE */ = {isa = PBXFileReference; lastKnownFileType = text; path = LICENSE; sourceTree = "<group>"; };
		BC9B54DB1C9757650014A037 /* CONTRIBUTE.md */ = {isa = PBXFileReference; lastKnownFileType = net.daringfireball.markdown; path = CONTRIBUTE.md; sourceTree = "<group>"; };
		BCBE0A091CA02E8500C91B82 /* appledoc.sh */ = {isa = PBXFileReference; lastKnownFileType = text.script.sh; path = appledoc.sh; sourceTree = "<group>"; };
		BCBE0A0A1CA02E8500C91B82 /* MFCocoaExtras-iOS-Info.plist */ = {isa = PBXFileReference; lastKnownFileType = text.plist.xml; path = "MFCocoaExtras-iOS-Info.plist"; sourceTree = "<group>"; };
		BCBE0A0B1CA02E8500C91B82 /* MFCocoaExtras-MacOS-Info.plist */ = {isa = PBXFileReference; lastKnownFileType = text.plist.xml; path = "MFCocoaExtras-MacOS-Info.plist"; sourceTree = "<group>"; };
		BCBE0A0E1CA02E8500C91B82 /* readme-appledoc.md */ = {isa = PBXFileReference; lastKnownFileType = net.daringfireball.markdown; path = "readme-appledoc.md"; sourceTree = "<group>"; };
		BCBE0A101CA034CA00C91B82 /* MFCocoaExtras.podspec */ = {isa = PBXFileReference; lastKnownFileType = text; path = MFCocoaExtras.podspec; sourceTree = SOURCE_ROOT; };
/* End PBXFileReference section */

/* Begin PBXFrameworksBuildPhase section */
		BC04EF021C9EC66A007A65EF /* Frameworks */ = {
			isa = PBXFrameworksBuildPhase;
			buildActionMask = 2147483647;
			files = (
			);
			runOnlyForDeploymentPostprocessing = 0;
		};
		BC9B54921C97505A0014A037 /* Frameworks */ = {
			isa = PBXFrameworksBuildPhase;
			buildActionMask = 2147483647;
			files = (
			);
			runOnlyForDeploymentPostprocessing = 0;
		};
		BC9B549D1C97505B0014A037 /* Frameworks */ = {
			isa = PBXFrameworksBuildPhase;
			buildActionMask = 2147483647;
			files = (
				BC9B54A11C97505B0014A037 /* MFCocoaExtras.framework in Frameworks */,
			);
			runOnlyForDeploymentPostprocessing = 0;
		};
/* End PBXFrameworksBuildPhase section */

/* Begin PBXGroup section */
		BC9B548C1C97505A0014A037 = {
			isa = PBXGroup;
			children = (
				BC9B54D91C9757650014A037 /* README.md */,
				BC9B54DA1C9757650014A037 /* LICENSE */,
				BC9B54DB1C9757650014A037 /* CONTRIBUTE.md */,
				BCBE0A081CA02E8500C91B82 /* Support Files */,
				BC9B54981C97505A0014A037 /* MFCocoaExtras */,
				BC9B54A41C97505B0014A037 /* MFCocoaExtrasTests */,
				BC9B54971C97505A0014A037 /* Products */,
				F2FBB107CF445525FA3C8E2C /* Frameworks */,
			);
			sourceTree = "<group>";
		};
		BC9B54971C97505A0014A037 /* Products */ = {
			isa = PBXGroup;
			children = (
				BC9B54961C97505A0014A037 /* MFCocoaExtras.framework */,
				BC9B54A01C97505B0014A037 /* MFCocoaExtrasTests.xctest */,
				BC04EF131C9EC66A007A65EF /* MFCocoaExtras.framework */,
			);
			name = Products;
			sourceTree = "<group>";
		};
		BC9B54981C97505A0014A037 /* MFCocoaExtras */ = {
			isa = PBXGroup;
			children = (
				BC349CA61CCB9E6400BFF28D /* MFCocoaExtras.h */,
				BC9B54B01C9751980014A037 /* Sources */,
			);
			path = MFCocoaExtras;
			sourceTree = "<group>";
		};
		BC9B54A41C97505B0014A037 /* MFCocoaExtrasTests */ = {
			isa = PBXGroup;
			children = (
				BC9B54A51C97505B0014A037 /* MFCocoaExtrasTests.m */,
				BC9B54A71C97505B0014A037 /* Info.plist */,
			);
			path = MFCocoaExtrasTests;
			sourceTree = "<group>";
		};
		BC9B54B01C9751980014A037 /* Sources */ = {
			isa = PBXGroup;
			children = (
				BC9B54B11C9751980014A037 /* CocoaTouch+Extras */,
				BC9B54BA1C9751980014A037 /* Graphics */,
				BC9B54C21C9751980014A037 /* Security */,
			);
			path = Sources;
			sourceTree = "<group>";
		};
		BC9B54B11C9751980014A037 /* CocoaTouch+Extras */ = {
			isa = PBXGroup;
			children = (
				BC9B54B21C9751980014A037 /* UIBarButtonItem+Extras.h */,
				BC9B54B31C9751980014A037 /* UIBarButtonItem+Extras.m */,
				BC9B54B41C9751980014A037 /* UIButton+Extras.h */,
				BC9B54B51C9751980014A037 /* UIButton+Extras.m */,
				BC9B54B61C9751980014A037 /* UIImage+Extras.h */,
				BC9B54B71C9751980014A037 /* UIImage+Extras.m */,
				BC9B54B81C9751980014A037 /* UIView+Extras.h */,
				BC9B54B91C9751980014A037 /* UIView+Extras.m */,
			);
			path = "CocoaTouch+Extras";
			sourceTree = "<group>";
		};
		BC9B54BA1C9751980014A037 /* Graphics */ = {
			isa = PBXGroup;
			children = (
				BC9B54BB1C9751980014A037 /* CGExtras.h */,
				BC9B54BC1C9751980014A037 /* CGExtras.m */,
				BC9B54BD1C9751980014A037 /* NSUIColor-Extras.h */,
				BC9B54BE1C9751980014A037 /* NSUIColor-Extras.m */,
				BC9B54C11C9751980014A037 /* MFNSUITypes.h */,
			);
			path = Graphics;
			sourceTree = "<group>";
		};
		BC9B54C21C9751980014A037 /* Security */ = {
			isa = PBXGroup;
			children = (
				BC9B54C31C9751980014A037 /* MFSecurity.h */,
				BC9B54C41C9751980014A037 /* MFSecurity.m */,
			);
			path = Security;
			sourceTree = "<group>";
		};
		BCBE0A081CA02E8500C91B82 /* Support Files */ = {
			isa = PBXGroup;
			children = (
				BCBE0A101CA034CA00C91B82 /* MFCocoaExtras.podspec */,
				BCBE0A091CA02E8500C91B82 /* appledoc.sh */,
				BCBE0A0A1CA02E8500C91B82 /* MFCocoaExtras-iOS-Info.plist */,
				BCBE0A0B1CA02E8500C91B82 /* MFCocoaExtras-MacOS-Info.plist */,
				BCBE0A0E1CA02E8500C91B82 /* readme-appledoc.md */,
			);
			path = "Support Files";
			sourceTree = "<group>";
		};
		F2FBB107CF445525FA3C8E2C /* Frameworks */ = {
			isa = PBXGroup;
			children = (
			);
			name = Frameworks;
			sourceTree = "<group>";
		};
/* End PBXGroup section */

/* Begin PBXHeadersBuildPhase section */
		BC04EF031C9EC66A007A65EF /* Headers */ = {
			isa = PBXHeadersBuildPhase;
			buildActionMask = 2147483647;
			files = (
				BC3EB0791CFF873800C02BBD /* MFCocoaExtras.h in Headers */,
				BC04EF051C9EC66A007A65EF /* CGExtras.h in Headers */,
				BC04EF081C9EC66A007A65EF /* NSUIColor-Extras.h in Headers */,
				BC04EF0A1C9EC66A007A65EF /* MFNSUITypes.h in Headers */,
				BC04EF0C1C9EC66A007A65EF /* MFSecurity.h in Headers */,
			);
			runOnlyForDeploymentPostprocessing = 0;
		};
		BC9B54931C97505A0014A037 /* Headers */ = {
			isa = PBXHeadersBuildPhase;
			buildActionMask = 2147483647;
			files = (
				BC349CA81CCB9E9F00BFF28D /* MFCocoaExtras.h in Headers */,
				BC9B54C51C9751980014A037 /* UIBarButtonItem+Extras.h in Headers */,
				BC9B54CD1C9751980014A037 /* CGExtras.h in Headers */,
				BC9B54C91C9751980014A037 /* UIImage+Extras.h in Headers */,
				BC9B54C71C9751980014A037 /* UIButton+Extras.h in Headers */,
				BC9B54CF1C9751980014A037 /* NSUIColor-Extras.h in Headers */,
				BC9B54D31C9751980014A037 /* MFNSUITypes.h in Headers */,
				BC9B54CB1C9751980014A037 /* UIView+Extras.h in Headers */,
				BC9B54D41C9751980014A037 /* MFSecurity.h in Headers */,
			);
			runOnlyForDeploymentPostprocessing = 0;
		};
/* End PBXHeadersBuildPhase section */

/* Begin PBXLegacyTarget section */
		BC9B54DC1C975C3D0014A037 /* MFCocoaExtrasDocs */ = {
			isa = PBXLegacyTarget;
			buildArgumentsString = "$(ACTION)";
			buildConfigurationList = BC9B54DD1C975C3D0014A037 /* Build configuration list for PBXLegacyTarget "MFCocoaExtrasDocs" */;
			buildPhases = (
			);
			buildToolPath = ./appledoc.sh;
			dependencies = (
			);
			name = MFCocoaExtrasDocs;
			passBuildSettingsInEnvironment = 1;
			productName = MFCocoaExtrasDocs;
		};
/* End PBXLegacyTarget section */

/* Begin PBXNativeTarget section */
		BC04EEF81C9EC66A007A65EF /* MFCocoaExtras_MacOS */ = {
			isa = PBXNativeTarget;
			buildConfigurationList = BC04EF101C9EC66A007A65EF /* Build configuration list for PBXNativeTarget "MFCocoaExtras_MacOS" */;
			buildPhases = (
				BC04EEFA1C9EC66A007A65EF /* Sources */,
				BC04EF021C9EC66A007A65EF /* Frameworks */,
				BC04EF031C9EC66A007A65EF /* Headers */,
				BC04EF0D1C9EC66A007A65EF /* Resources */,
			);
			buildRules = (
			);
			dependencies = (
			);
			name = MFCocoaExtras_MacOS;
			productName = MFCocoaExtras;
			productReference = BC04EF131C9EC66A007A65EF /* MFCocoaExtras.framework */;
			productType = "com.apple.product-type.framework";
		};
		BC9B54951C97505A0014A037 /* MFCocoaExtras_iOS */ = {
			isa = PBXNativeTarget;
			buildConfigurationList = BC9B54AA1C97505B0014A037 /* Build configuration list for PBXNativeTarget "MFCocoaExtras_iOS" */;
			buildPhases = (
				BC9B54911C97505A0014A037 /* Sources */,
				BC9B54921C97505A0014A037 /* Frameworks */,
				BC9B54931C97505A0014A037 /* Headers */,
				BC9B54941C97505A0014A037 /* Resources */,
			);
			buildRules = (
			);
			dependencies = (
			);
			name = MFCocoaExtras_iOS;
			productName = MFCocoaExtras;
			productReference = BC9B54961C97505A0014A037 /* MFCocoaExtras.framework */;
			productType = "com.apple.product-type.framework";
		};
		BC9B549F1C97505B0014A037 /* MFCocoaExtrasTests */ = {
			isa = PBXNativeTarget;
			buildConfigurationList = BC9B54AD1C97505B0014A037 /* Build configuration list for PBXNativeTarget "MFCocoaExtrasTests" */;
			buildPhases = (
				BC9B549C1C97505B0014A037 /* Sources */,
				BC9B549D1C97505B0014A037 /* Frameworks */,
				BC9B549E1C97505B0014A037 /* Resources */,
			);
			buildRules = (
			);
			dependencies = (
				BC9B54A31C97505B0014A037 /* PBXTargetDependency */,
			);
			name = MFCocoaExtrasTests;
			productName = MFCocoaExtrasTests;
			productReference = BC9B54A01C97505B0014A037 /* MFCocoaExtrasTests.xctest */;
			productType = "com.apple.product-type.bundle.unit-test";
		};
/* End PBXNativeTarget section */

/* Begin PBXProject section */
		BC9B548D1C97505A0014A037 /* Project object */ = {
			isa = PBXProject;
			attributes = {
				LastUpgradeCheck = 0730;
				ORGANIZATIONNAME = MooseFactory;
				TargetAttributes = {
					BC9B54951C97505A0014A037 = {
						CreatedOnToolsVersion = 7.2.1;
						DevelopmentTeam = VMXFN634RR;
					};
					BC9B549F1C97505B0014A037 = {
						CreatedOnToolsVersion = 7.2.1;
					};
					BC9B54DC1C975C3D0014A037 = {
						CreatedOnToolsVersion = 7.2.1;
					};
				};
			};
			buildConfigurationList = BC9B54901C97505A0014A037 /* Build configuration list for PBXProject "MFCocoaExtras" */;
			compatibilityVersion = "Xcode 3.2";
			developmentRegion = English;
			hasScannedForEncodings = 0;
			knownRegions = (
				en,
			);
			mainGroup = BC9B548C1C97505A0014A037;
			productRefGroup = BC9B54971C97505A0014A037 /* Products */;
			projectDirPath = "";
			projectRoot = "";
			targets = (
				BC9B54951C97505A0014A037 /* MFCocoaExtras_iOS */,
				BC04EEF81C9EC66A007A65EF /* MFCocoaExtras_MacOS */,
				BC9B549F1C97505B0014A037 /* MFCocoaExtrasTests */,
				BC9B54DC1C975C3D0014A037 /* MFCocoaExtrasDocs */,
			);
		};
/* End PBXProject section */

/* Begin PBXResourcesBuildPhase section */
		BC04EF0D1C9EC66A007A65EF /* Resources */ = {
			isa = PBXResourcesBuildPhase;
			buildActionMask = 2147483647;
			files = (
			);
			runOnlyForDeploymentPostprocessing = 0;
		};
		BC9B54941C97505A0014A037 /* Resources */ = {
			isa = PBXResourcesBuildPhase;
			buildActionMask = 2147483647;
			files = (
			);
			runOnlyForDeploymentPostprocessing = 0;
		};
		BC9B549E1C97505B0014A037 /* Resources */ = {
			isa = PBXResourcesBuildPhase;
			buildActionMask = 2147483647;
			files = (
			);
			runOnlyForDeploymentPostprocessing = 0;
		};
/* End PBXResourcesBuildPhase section */

/* Begin PBXSourcesBuildPhase section */
		BC04EEFA1C9EC66A007A65EF /* Sources */ = {
			isa = PBXSourcesBuildPhase;
			buildActionMask = 2147483647;
			files = (
				BC04EEFB1C9EC66A007A65EF /* NSUIColor-Extras.m in Sources */,
				BC04EEFC1C9EC66A007A65EF /* CGExtras.m in Sources */,
				BC04EEFD1C9EC66A007A65EF /* MFSecurity.m in Sources */,
			);
			runOnlyForDeploymentPostprocessing = 0;
		};
		BC9B54911C97505A0014A037 /* Sources */ = {
			isa = PBXSourcesBuildPhase;
			buildActionMask = 2147483647;
			files = (
				BC9B54D01C9751980014A037 /* NSUIColor-Extras.m in Sources */,
				BC9B54CE1C9751980014A037 /* CGExtras.m in Sources */,
				BC9B54D51C9751980014A037 /* MFSecurity.m in Sources */,
				BC9B54C81C9751980014A037 /* UIButton+Extras.m in Sources */,
				BC9B54CC1C9751980014A037 /* UIView+Extras.m in Sources */,
				BC9B54CA1C9751980014A037 /* UIImage+Extras.m in Sources */,
				BC9B54C61C9751980014A037 /* UIBarButtonItem+Extras.m in Sources */,
			);
			runOnlyForDeploymentPostprocessing = 0;
		};
		BC9B549C1C97505B0014A037 /* Sources */ = {
			isa = PBXSourcesBuildPhase;
			buildActionMask = 2147483647;
			files = (
				BC9B54A61C97505B0014A037 /* MFCocoaExtrasTests.m in Sources */,
			);
			runOnlyForDeploymentPostprocessing = 0;
		};
/* End PBXSourcesBuildPhase section */

/* Begin PBXTargetDependency section */
		BC9B54A31C97505B0014A037 /* PBXTargetDependency */ = {
			isa = PBXTargetDependency;
			target = BC9B54951C97505A0014A037 /* MFCocoaExtras_iOS */;
			targetProxy = BC9B54A21C97505B0014A037 /* PBXContainerItemProxy */;
		};
/* End PBXTargetDependency section */

/* Begin XCBuildConfiguration section */
		BC04EF111C9EC66A007A65EF /* Debug */ = {
			isa = XCBuildConfiguration;
			buildSettings = {
				CODE_SIGN_IDENTITY = "";
				"CODE_SIGN_IDENTITY[sdk=iphoneos*]" = "";
				"CODE_SIGN_IDENTITY[sdk=macosx*]" = "";
				COMBINE_HIDPI_IMAGES = YES;
				CURRENT_PROJECT_VERSION = $inherited;
				DEFINES_MODULE = YES;
				DYLIB_COMPATIBILITY_VERSION = 1;
				DYLIB_CURRENT_VERSION = 1;
				DYLIB_INSTALL_NAME_BASE = "@rpath";
				INFOPLIST_FILE = "$(SRCROOT)/Support Files/MFCocoaExtras-MacOS-Info.plist";
				INSTALL_PATH = "$(LOCAL_LIBRARY_DIR)/Frameworks";
				LD_RUNPATH_SEARCH_PATHS = "$(inherited) @executable_path/Frameworks @loader_path/Frameworks";
				MACOSX_DEPLOYMENT_TARGET = 10.7;
				PRODUCT_BUNDLE_IDENTIFIER = com.moosefactory.MFCocoaExtras;
				PRODUCT_NAME = MFCocoaExtras;
				PROVISIONING_PROFILE = "";
				SDKROOT = macosx;
				SKIP_INSTALL = YES;
				SUPPORTED_PLATFORMS = macosx;
				VALID_ARCHS = "i386 x86_64";
			};
			name = Debug;
		};
		BC04EF121C9EC66A007A65EF /* Release */ = {
			isa = XCBuildConfiguration;
			buildSettings = {
				CODE_SIGN_IDENTITY = "";
				"CODE_SIGN_IDENTITY[sdk=iphoneos*]" = "";
				"CODE_SIGN_IDENTITY[sdk=macosx*]" = "";
				COMBINE_HIDPI_IMAGES = YES;
				CURRENT_PROJECT_VERSION = $inherited;
				DEFINES_MODULE = YES;
				DYLIB_COMPATIBILITY_VERSION = 1;
				DYLIB_CURRENT_VERSION = 1;
				DYLIB_INSTALL_NAME_BASE = "@rpath";
				INFOPLIST_FILE = "$(SRCROOT)/Support Files/MFCocoaExtras-MacOS-Info.plist";
				INSTALL_PATH = "$(LOCAL_LIBRARY_DIR)/Frameworks";
				LD_RUNPATH_SEARCH_PATHS = "$(inherited) @executable_path/Frameworks @loader_path/Frameworks";
				MACOSX_DEPLOYMENT_TARGET = 10.7;
				PRODUCT_BUNDLE_IDENTIFIER = com.moosefactory.MFCocoaExtras;
				PRODUCT_NAME = MFCocoaExtras;
				PROVISIONING_PROFILE = "";
				SDKROOT = macosx;
				SKIP_INSTALL = YES;
				SUPPORTED_PLATFORMS = macosx;
				VALID_ARCHS = "i386 x86_64";
			};
			name = Release;
		};
		BC9B54A81C97505B0014A037 /* Debug */ = {
			isa = XCBuildConfiguration;
			buildSettings = {
				ALWAYS_SEARCH_USER_PATHS = NO;
				CLANG_CXX_LANGUAGE_STANDARD = "gnu++0x";
				CLANG_CXX_LIBRARY = "libc++";
				CLANG_ENABLE_MODULES = YES;
				CLANG_ENABLE_OBJC_ARC = YES;
				CLANG_WARN_BOOL_CONVERSION = YES;
				CLANG_WARN_CONSTANT_CONVERSION = YES;
				CLANG_WARN_DIRECT_OBJC_ISA_USAGE = YES_ERROR;
				CLANG_WARN_EMPTY_BODY = YES;
				CLANG_WARN_ENUM_CONVERSION = YES;
				CLANG_WARN_INT_CONVERSION = YES;
				CLANG_WARN_OBJC_ROOT_CLASS = YES_ERROR;
				CLANG_WARN_UNREACHABLE_CODE = YES;
				CLANG_WARN__DUPLICATE_METHOD_MATCH = YES;
				"CODE_SIGN_IDENTITY[sdk=iphoneos*]" = "iPhone Developer";
				COPY_PHASE_STRIP = NO;
				CURRENT_PROJECT_VERSION = 1.0.1;
				DEBUG_INFORMATION_FORMAT = dwarf;
				ENABLE_STRICT_OBJC_MSGSEND = YES;
				ENABLE_TESTABILITY = YES;
				FRAMEWORK_SEARCH_PATHS = "\"$(SRCROOT)/MFCocoaExtras\"/**";
				GCC_C_LANGUAGE_STANDARD = gnu99;
				GCC_DYNAMIC_NO_PIC = NO;
				GCC_NO_COMMON_BLOCKS = YES;
				GCC_OPTIMIZATION_LEVEL = 0;
				GCC_PREPROCESSOR_DEFINITIONS = (
					"DEBUG=1",
					"$(inherited)",
				);
				GCC_WARN_64_TO_32_BIT_CONVERSION = YES;
				GCC_WARN_ABOUT_RETURN_TYPE = YES_ERROR;
				GCC_WARN_UNDECLARED_SELECTOR = YES;
				GCC_WARN_UNINITIALIZED_AUTOS = YES_AGGRESSIVE;
				GCC_WARN_UNUSED_FUNCTION = YES;
				GCC_WARN_UNUSED_VARIABLE = YES;
				IPHONEOS_DEPLOYMENT_TARGET = 9.2;
				MTL_ENABLE_DEBUG_INFO = YES;
				ONLY_ACTIVE_ARCH = YES;
				SDKROOT = iphoneos;
				TARGETED_DEVICE_FAMILY = "1,2";
				VERSIONING_SYSTEM = "apple-generic";
				VERSION_INFO_PREFIX = "";
			};
			name = Debug;
		};
		BC9B54A91C97505B0014A037 /* Release */ = {
			isa = XCBuildConfiguration;
			buildSettings = {
				ALWAYS_SEARCH_USER_PATHS = NO;
				CLANG_CXX_LANGUAGE_STANDARD = "gnu++0x";
				CLANG_CXX_LIBRARY = "libc++";
				CLANG_ENABLE_MODULES = YES;
				CLANG_ENABLE_OBJC_ARC = YES;
				CLANG_WARN_BOOL_CONVERSION = YES;
				CLANG_WARN_CONSTANT_CONVERSION = YES;
				CLANG_WARN_DIRECT_OBJC_ISA_USAGE = YES_ERROR;
				CLANG_WARN_EMPTY_BODY = YES;
				CLANG_WARN_ENUM_CONVERSION = YES;
				CLANG_WARN_INT_CONVERSION = YES;
				CLANG_WARN_OBJC_ROOT_CLASS = YES_ERROR;
				CLANG_WARN_UNREACHABLE_CODE = YES;
				CLANG_WARN__DUPLICATE_METHOD_MATCH = YES;
				"CODE_SIGN_IDENTITY[sdk=iphoneos*]" = "iPhone Developer";
				COPY_PHASE_STRIP = NO;
				CURRENT_PROJECT_VERSION = 1.0.1;
				DEBUG_INFORMATION_FORMAT = "dwarf-with-dsym";
				ENABLE_NS_ASSERTIONS = NO;
				ENABLE_STRICT_OBJC_MSGSEND = YES;
				FRAMEWORK_SEARCH_PATHS = "\"$(SRCROOT)/MFCocoaExtras\"/**";
				GCC_C_LANGUAGE_STANDARD = gnu99;
				GCC_NO_COMMON_BLOCKS = YES;
				GCC_WARN_64_TO_32_BIT_CONVERSION = YES;
				GCC_WARN_ABOUT_RETURN_TYPE = YES_ERROR;
				GCC_WARN_UNDECLARED_SELECTOR = YES;
				GCC_WARN_UNINITIALIZED_AUTOS = YES_AGGRESSIVE;
				GCC_WARN_UNUSED_FUNCTION = YES;
				GCC_WARN_UNUSED_VARIABLE = YES;
				IPHONEOS_DEPLOYMENT_TARGET = 9.2;
				MTL_ENABLE_DEBUG_INFO = NO;
				SDKROOT = iphoneos;
				TARGETED_DEVICE_FAMILY = "1,2";
				VALIDATE_PRODUCT = YES;
				VERSIONING_SYSTEM = "apple-generic";
				VERSION_INFO_PREFIX = "";
			};
			name = Release;
		};
		BC9B54AB1C97505B0014A037 /* Debug */ = {
			isa = XCBuildConfiguration;
			buildSettings = {
				CODE_SIGN_IDENTITY = "iPhone Developer";
				"CODE_SIGN_IDENTITY[sdk=iphoneos*]" = "iPhone Developer";
				CURRENT_PROJECT_VERSION = $inherited;
				DEFINES_MODULE = YES;
				DYLIB_COMPATIBILITY_VERSION = 1;
				DYLIB_CURRENT_VERSION = 1;
				DYLIB_INSTALL_NAME_BASE = "@rpath";
				INFOPLIST_FILE = "$(SRCROOT)/Support Files/MFCocoaExtras-iOS-Info.plist";
				INSTALL_PATH = "$(LOCAL_LIBRARY_DIR)/Frameworks";
				IPHONEOS_DEPLOYMENT_TARGET = 7.0;
				LD_RUNPATH_SEARCH_PATHS = "$(inherited) @executable_path/Frameworks @loader_path/Frameworks";
				PRODUCT_BUNDLE_IDENTIFIER = com.moosefactory.MFCocoaExtras;
				PRODUCT_NAME = MFCocoaExtras;
				PROVISIONING_PROFILE = "";
				SKIP_INSTALL = YES;
			};
			name = Debug;
		};
		BC9B54AC1C97505B0014A037 /* Release */ = {
			isa = XCBuildConfiguration;
			buildSettings = {
				CODE_SIGN_IDENTITY = "iPhone Developer";
				"CODE_SIGN_IDENTITY[sdk=iphoneos*]" = "iPhone Developer";
				CURRENT_PROJECT_VERSION = $inherited;
				DEFINES_MODULE = YES;
				DYLIB_COMPATIBILITY_VERSION = 1;
				DYLIB_CURRENT_VERSION = 1;
				DYLIB_INSTALL_NAME_BASE = "@rpath";
				INFOPLIST_FILE = "$(SRCROOT)/Support Files/MFCocoaExtras-iOS-Info.plist";
				INSTALL_PATH = "$(LOCAL_LIBRARY_DIR)/Frameworks";
				IPHONEOS_DEPLOYMENT_TARGET = 7.0;
				LD_RUNPATH_SEARCH_PATHS = "$(inherited) @executable_path/Frameworks @loader_path/Frameworks";
				PRODUCT_BUNDLE_IDENTIFIER = com.moosefactory.MFCocoaExtras;
				PRODUCT_NAME = MFCocoaExtras;
				PROVISIONING_PROFILE = "";
				SKIP_INSTALL = YES;
			};
			name = Release;
		};
		BC9B54AE1C97505B0014A037 /* Debug */ = {
			isa = XCBuildConfiguration;
			buildSettings = {
				INFOPLIST_FILE = MFCocoaExtrasTests/Info.plist;
				LD_RUNPATH_SEARCH_PATHS = "$(inherited) @executable_path/Frameworks @loader_path/Frameworks";
				PRODUCT_BUNDLE_IDENTIFIER = com.moosefactory.MFCocoaExtrasTests;
				PRODUCT_NAME = "$(TARGET_NAME)";
			};
			name = Debug;
		};
		BC9B54AF1C97505B0014A037 /* Release */ = {
			isa = XCBuildConfiguration;
			buildSettings = {
				INFOPLIST_FILE = MFCocoaExtrasTests/Info.plist;
				LD_RUNPATH_SEARCH_PATHS = "$(inherited) @executable_path/Frameworks @loader_path/Frameworks";
				PRODUCT_BUNDLE_IDENTIFIER = com.moosefactory.MFCocoaExtrasTests;
				PRODUCT_NAME = "$(TARGET_NAME)";
			};
			name = Release;
		};
		BC9B54DE1C975C3D0014A037 /* Debug */ = {
			isa = XCBuildConfiguration;
			buildSettings = {
				DEBUGGING_SYMBOLS = YES;
				DEBUG_INFORMATION_FORMAT = dwarf;
				GCC_GENERATE_DEBUGGING_SYMBOLS = YES;
				GCC_OPTIMIZATION_LEVEL = 0;
				OTHER_CFLAGS = "";
				OTHER_LDFLAGS = "";
				PRODUCT_NAME = "$(TARGET_NAME)";
			};
			name = Debug;
		};
		BC9B54DF1C975C3D0014A037 /* Release */ = {
			isa = XCBuildConfiguration;
			buildSettings = {
				DEBUG_INFORMATION_FORMAT = "dwarf-with-dsym";
				OTHER_CFLAGS = "";
				OTHER_LDFLAGS = "";
				PRODUCT_NAME = "$(TARGET_NAME)";
			};
			name = Release;
		};
/* End XCBuildConfiguration section */

/* Begin XCConfigurationList section */
		BC04EF101C9EC66A007A65EF /* Build configuration list for PBXNativeTarget "MFCocoaExtras_MacOS" */ = {
			isa = XCConfigurationList;
			buildConfigurations = (
				BC04EF111C9EC66A007A65EF /* Debug */,
				BC04EF121C9EC66A007A65EF /* Release */,
			);
			defaultConfigurationIsVisible = 0;
			defaultConfigurationName = Release;
		};
		BC9B54901C97505A0014A037 /* Build configuration list for PBXProject "MFCocoaExtras" */ = {
			isa = XCConfigurationList;
			buildConfigurations = (
				BC9B54A81C97505B0014A037 /* Debug */,
				BC9B54A91C97505B0014A037 /* Release */,
			);
			defaultConfigurationIsVisible = 0;
			defaultConfigurationName = Release;
		};
		BC9B54AA1C97505B0014A037 /* Build configuration list for PBXNativeTarget "MFCocoaExtras_iOS" */ = {
			isa = XCConfigurationList;
			buildConfigurations = (
				BC9B54AB1C97505B0014A037 /* Debug */,
				BC9B54AC1C97505B0014A037 /* Release */,
			);
			defaultConfigurationIsVisible = 0;
			defaultConfigurationName = Release;
		};
		BC9B54AD1C97505B0014A037 /* Build configuration list for PBXNativeTarget "MFCocoaExtrasTests" */ = {
			isa = XCConfigurationList;
			buildConfigurations = (
				BC9B54AE1C97505B0014A037 /* Debug */,
				BC9B54AF1C97505B0014A037 /* Release */,
			);
			defaultConfigurationIsVisible = 0;
			defaultConfigurationName = Release;
		};
		BC9B54DD1C975C3D0014A037 /* Build configuration list for PBXLegacyTarget "MFCocoaExtrasDocs" */ = {
			isa = XCConfigurationList;
			buildConfigurations = (
				BC9B54DE1C975C3D0014A037 /* Debug */,
				BC9B54DF1C975C3D0014A037 /* Release */,
			);
			defaultConfigurationIsVisible = 0;
			defaultConfigurationName = Release;
		};
/* End XCConfigurationList section */
	};
	rootObject = BC9B548D1C97505A0014A037 /* Project object */;
}
